
Microsoft Visual Studio Solution File, Format Version 11.00
# Visual Studio 2010
Project("{FAE04EC0-301F-11D3-BF4B-00C04F79EFBC}") = "Assembly-CSharp", "Assembly-CSharp.csproj", "{7593BCC1-CA25-85D2-52B0-1790B178F682}"
EndProject
Project("{FAE04EC0-301F-11D3-BF4B-00C04F79EFBC}") = "Assembly-CSharp-Editor", "Assembly-CSharp-Editor.csproj", "{80618547-D540-8D9E-17D1-18F11BF90321}"
EndProject
Global
	GlobalSection(SolutionConfigurationPlatforms) = preSolution
		Debug|Any CPU = Debug|Any CPU
		Release|Any CPU = Release|Any CPU
	EndGlobalSection
	GlobalSection(ProjectConfigurationPlatforms) = postSolution
		{7593BCC1-CA25-85D2-52B0-1790B178F682}.Debug|Any CPU.ActiveCfg = Debug|Any CPU
		{7593BCC1-CA25-85D2-52B0-1790B178F682}.Debug|Any CPU.Build.0 = Debug|Any CPU
		{7593BCC1-CA25-85D2-52B0-1790B178F682}.Release|Any CPU.ActiveCfg = Release|Any CPU
		{7593BCC1-CA25-85D2-52B0-1790B178F682}.Release|Any CPU.Build.0 = Release|Any CPU
		{80618547-D540-8D9E-17D1-18F11BF90321}.Debug|Any CPU.ActiveCfg = Debug|Any CPU
		{80618547-D540-8D9E-17D1-18F11BF90321}.Debug|Any CPU.Build.0 = Debug|Any CPU
		{80618547-D540-8D9E-17D1-18F11BF90321}.Release|Any CPU.ActiveCfg = Release|Any CPU
		{80618547-D540-8D9E-17D1-18F11BF90321}.Release|Any CPU.Build.0 = Release|Any CPU
	EndGlobalSection
	GlobalSection(SolutionProperties) = preSolution
		HideSolutionNode = FALSE
	EndGlobalSection
EndGlobal
